{
  "originHash" : "56a5bc41f142330b290889edc342588339974a54208893638465787c32a0f71b",
  "pins" : [
    {
      "identity" : "swift-syntax",
      "kind" : "remoteSourceControl",
      "location" : "https://github.com/swiftlang/swift-syntax.git",
      "state" : {
        "revision" : "9b6d2d09c474336c8a5477a669ca976e58586f75",
        "version" : "603.0.0-prerelease-2025-12-17"
      }
    },
    {
      "identity" : "swift-testing",
      "kind" : "remoteSourceControl",
      "location" : "https://github.com/swiftlang/swift-testing.git",
      "state" : {
        "branch" : "main",
        "revision" : "ed791610574358c0e8c5d2bdf3db002fba858da0"
      }
    }
  ],
  "version" : 3
}
